
Microsoft Visual Studio Solution File, Format Version 12.00
# Visual Studio Version 17
VisualStudioVersion = 17.1.32210.238
MinimumVisualStudioVersion = 10.0.40219.1
Project("{FAE04EC0-301F-11D3-BF4B-00C04F79EFBC}") = "WinFormsApp3", "WinFormsApp3\WinFormsApp3.csproj", "{DD8CA892-93EB-42AB-8D9D-EF1A551B1A1E}"
EndProject
Global
	GlobalSection(SolutionConfigurationPlatforms) = preSolution
		Debug|Any CPU = Debug|Any CPU
		Release|Any CPU = Release|Any CPU
	EndGlobalSection
	GlobalSection(ProjectConfigurationPlatforms) = postSolution
		{DD8CA892-93EB-42AB-8D9D-EF1A551B1A1E}.Debug|Any CPU.ActiveCfg = Debug|Any CPU
		{DD8CA892-93EB-42AB-8D9D-EF1A551B1A1E}.Debug|Any CPU.Build.0 = Debug|Any CPU
		{DD8CA892-93EB-42AB-8D9D-EF1A551B1A1E}.Release|Any CPU.ActiveCfg = Release|Any CPU
		{DD8CA892-93EB-42AB-8D9D-EF1A551B1A1E}.Release|Any CPU.Build.0 = Release|Any CPU
	EndGlobalSection
	GlobalSection(SolutionProperties) = preSolution
		HideSolutionNode = FALSE
	EndGlobalSection
	GlobalSection(ExtensibilityGlobals) = postSolution
		SolutionGuid = {ECC1F8B1-237F-47B0-9650-B74A7CA3F94B}
	EndGlobalSection
EndGlobal
